
Microsoft Visual Studio Solution File, Format Version 12.00
# Visual Studio Version 17
VisualStudioVersion = 17.5.33530.505
MinimumVisualStudioVersion = 10.0.40219.1
Project("{9A19103F-16F7-4668-BE54-9A1E7A4F7556}") = "Ejer1", "EjerPOO\Ejer1.csproj", "{CED129D4-FEC2-4727-8DB9-3562F240E9D0}"
EndProject
Project("{2150E333-8FDC-42A3-9474-1A3956D46DE8}") = "Ejer2", "Ejer2", "{2F7C7FC2-0116-4B82-8C4E-5923B74B3A76}"
EndProject
Project("{9A19103F-16F7-4668-BE54-9A1E7A4F7556}") = "Ejer2", "Ejer2\Ejer2.csproj", "{4A68EF56-83BC-46F7-A99B-C05F44113C8B}"
EndProject
Project("{9A19103F-16F7-4668-BE54-9A1E7A4F7556}") = "Ejer3", "Ejer3\Ejer3.csproj", "{EBB271AF-4A18-4942-B665-2BE494E9165D}"
EndProject
Project("{FAE04EC0-301F-11D3-BF4B-00C04F79EFBC}") = "Practicas", "Practicas\Practicas.csproj", "{7E2DBB17-A047-4875-B2E7-128E20383760}"
EndProject
Global
	GlobalSection(SolutionConfigurationPlatforms) = preSolution
		Debug|Any CPU = Debug|Any CPU
		Release|Any CPU = Release|Any CPU
	EndGlobalSection
	GlobalSection(ProjectConfigurationPlatforms) = postSolution
		{CED129D4-FEC2-4727-8DB9-3562F240E9D0}.Debug|Any CPU.ActiveCfg = Debug|Any CPU
		{CED129D4-FEC2-4727-8DB9-3562F240E9D0}.Debug|Any CPU.Build.0 = Debug|Any CPU
		{CED129D4-FEC2-4727-8DB9-3562F240E9D0}.Release|Any CPU.ActiveCfg = Release|Any CPU
		{CED129D4-FEC2-4727-8DB9-3562F240E9D0}.Release|Any CPU.Build.0 = Release|Any CPU
		{4A68EF56-83BC-46F7-A99B-C05F44113C8B}.Debug|Any CPU.ActiveCfg = Debug|Any CPU
		{4A68EF56-83BC-46F7-A99B-C05F44113C8B}.Debug|Any CPU.Build.0 = Debug|Any CPU
		{4A68EF56-83BC-46F7-A99B-C05F44113C8B}.Release|Any CPU.ActiveCfg = Release|Any CPU
		{4A68EF56-83BC-46F7-A99B-C05F44113C8B}.Release|Any CPU.Build.0 = Release|Any CPU
		{EBB271AF-4A18-4942-B665-2BE494E9165D}.Debug|Any CPU.ActiveCfg = Debug|Any CPU
		{EBB271AF-4A18-4942-B665-2BE494E9165D}.Debug|Any CPU.Build.0 = Debug|Any CPU
		{EBB271AF-4A18-4942-B665-2BE494E9165D}.Release|Any CPU.ActiveCfg = Release|Any CPU
		{EBB271AF-4A18-4942-B665-2BE494E9165D}.Release|Any CPU.Build.0 = Release|Any CPU
		{7E2DBB17-A047-4875-B2E7-128E20383760}.Debug|Any CPU.ActiveCfg = Debug|Any CPU
		{7E2DBB17-A047-4875-B2E7-128E20383760}.Debug|Any CPU.Build.0 = Debug|Any CPU
		{7E2DBB17-A047-4875-B2E7-128E20383760}.Release|Any CPU.ActiveCfg = Release|Any CPU
		{7E2DBB17-A047-4875-B2E7-128E20383760}.Release|Any CPU.Build.0 = Release|Any CPU
	EndGlobalSection
	GlobalSection(SolutionProperties) = preSolution
		HideSolutionNode = FALSE
	EndGlobalSection
	GlobalSection(NestedProjects) = preSolution
		{CED129D4-FEC2-4727-8DB9-3562F240E9D0} = {2F7C7FC2-0116-4B82-8C4E-5923B74B3A76}
		{4A68EF56-83BC-46F7-A99B-C05F44113C8B} = {2F7C7FC2-0116-4B82-8C4E-5923B74B3A76}
	EndGlobalSection
	GlobalSection(ExtensibilityGlobals) = postSolution
		SolutionGuid = {43590511-8E2E-408D-834E-01BF3F38743C}
	EndGlobalSection
EndGlobal
